
Microsoft Visual Studio Solution File, Format Version 12.00
# Visual Studio 2012
Project("{FAE04EC0-301F-11D3-BF4B-00C04F79EFBC}") = "Ravc.Tests", "Ravc.Tests\Ravc.Tests.csproj", "{44FB3F06-1BFE-4AE4-9349-FCE66AD87EF4}"
EndProject
Project("{FAE04EC0-301F-11D3-BF4B-00C04F79EFBC}") = "Ravc", "Ravc\Ravc.csproj", "{C5D001C5-907C-4C4C-875A-F73AE3F6513F}"
EndProject
Project("{FAE04EC0-301F-11D3-BF4B-00C04F79EFBC}") = "Ravc.WinformsOglClient", "Ravc.WinformsOglClient\Ravc.WinformsOglClient.csproj", "{9CE96573-A78B-4BEF-8E06-06AC4DDAF05E}"
EndProject
Project("{FAE04EC0-301F-11D3-BF4B-00C04F79EFBC}") = "Ravc.WinHost", "Ravc.WinHost\Ravc.WinHost.csproj", "{3F00F416-5DBC-404F-A93E-A1BBAE1C1C4C}"
EndProject
Global
	GlobalSection(SolutionConfigurationPlatforms) = preSolution
		Debug|Any CPU = Debug|Any CPU
		Release|Any CPU = Release|Any CPU
	EndGlobalSection
	GlobalSection(ProjectConfigurationPlatforms) = postSolution
		{44FB3F06-1BFE-4AE4-9349-FCE66AD87EF4}.Debug|Any CPU.ActiveCfg = Debug|Any CPU
		{44FB3F06-1BFE-4AE4-9349-FCE66AD87EF4}.Debug|Any CPU.Build.0 = Debug|Any CPU
		{44FB3F06-1BFE-4AE4-9349-FCE66AD87EF4}.Release|Any CPU.ActiveCfg = Release|Any CPU
		{44FB3F06-1BFE-4AE4-9349-FCE66AD87EF4}.Release|Any CPU.Build.0 = Release|Any CPU
		{C5D001C5-907C-4C4C-875A-F73AE3F6513F}.Debug|Any CPU.ActiveCfg = Debug|Any CPU
		{C5D001C5-907C-4C4C-875A-F73AE3F6513F}.Debug|Any CPU.Build.0 = Debug|Any CPU
		{C5D001C5-907C-4C4C-875A-F73AE3F6513F}.Release|Any CPU.ActiveCfg = Release|Any CPU
		{C5D001C5-907C-4C4C-875A-F73AE3F6513F}.Release|Any CPU.Build.0 = Release|Any CPU
		{9CE96573-A78B-4BEF-8E06-06AC4DDAF05E}.Debug|Any CPU.ActiveCfg = Debug|Any CPU
		{9CE96573-A78B-4BEF-8E06-06AC4DDAF05E}.Debug|Any CPU.Build.0 = Debug|Any CPU
		{9CE96573-A78B-4BEF-8E06-06AC4DDAF05E}.Release|Any CPU.ActiveCfg = Release|Any CPU
		{9CE96573-A78B-4BEF-8E06-06AC4DDAF05E}.Release|Any CPU.Build.0 = Release|Any CPU
		{3F00F416-5DBC-404F-A93E-A1BBAE1C1C4C}.Debug|Any CPU.ActiveCfg = Debug|Any CPU
		{3F00F416-5DBC-404F-A93E-A1BBAE1C1C4C}.Debug|Any CPU.Build.0 = Debug|Any CPU
		{3F00F416-5DBC-404F-A93E-A1BBAE1C1C4C}.Release|Any CPU.ActiveCfg = Release|Any CPU
		{3F00F416-5DBC-404F-A93E-A1BBAE1C1C4C}.Release|Any CPU.Build.0 = Release|Any CPU
	EndGlobalSection
	GlobalSection(SolutionProperties) = preSolution
		HideSolutionNode = FALSE
	EndGlobalSection
	GlobalSection(Performance) = preSolution
		HasPerformanceSessions = true
	EndGlobalSection
EndGlobal
